<?xml version="1.0" encoding="utf-8"?>
<Project ToolsVersion="4.0" xmlns="http://schemas.microsoft.com/developer/msbuild/2003">
  <ItemGroup>
    <Filter Include="Source Files">
      <UniqueIdentifier>{df43ae0c-fc61-48aa-abae-5ae387f65c36}</UniqueIdentifier>
    </Filter>
    <Filter Include="Header Files">
      <UniqueIdentifier>{ec8733be-0db4-4d59-b4f9-9ec8030a93b6}</UniqueIdentifier>
    </Filter>
  </ItemGroup>
  <ItemGroup>
    <ClCompile Include="src\controller_actor.cpp" />
    <ClCompile Include="src\elevator_actor.cpp" />
    <ClCompile Include="src\elevator_fsm.cpp" />
    <ClCompile Include="src\passenger_actor.cpp" />
    <ClCompile Include="src\passenger_fsm.cpp" />
    <ClCompile Include="src\string_util.cpp" />
    <ClCompile Include="src\repl_actor.cpp" />
    <ClCompile Include="src\passenger_repl_actor.cpp" />
    <ClCompile Include="src\elevator_repl_actor.cpp" />
    <ClCompile Include="src\controller_repl_actor.cpp" />
    <ClCompile Include="src\dispatcher_actor.cpp" />
  </ItemGroup>
  <ItemGroup>
    <ClInclude Include="elevator\controller_actor.hpp" />
    <ClInclude Include="elevator\elevator.hpp" />
    <ClInclude Include="elevator\elevator_actor.hpp" />
    <ClInclude Include="elevator\elevator_fsm.hpp" />
    <ClInclude Include="elevator\passenger_actor.hpp" />
    <ClInclude Include="elevator\passenger_fsm.hpp" />
    <ClInclude Include="elevator\string_util.hpp" />
    <ClInclude Include="elevator\repl_actor.hpp" />
    <ClInclude Include="elevator\passenger_repl_actor.hpp" />
    <ClInclude Include="elevator\elevator_repl_actor.hpp" />
    <ClInclude Include="elevator\controller_repl_actor.hpp" />
    <ClInclude Include="elevator\dispatcher_actor.hpp" />
    <ClInclude Include="elevator\schedule.hpp" />
  </ItemGroup>
</Project>